
Microsoft Visual Studio Solution File, Format Version 12.00
# Visual Studio Version 17
VisualStudioVersion = 17.8.34511.84
MinimumVisualStudioVersion = 10.0.40219.1
Project("{FAE04EC0-301F-11D3-BF4B-00C04F79EFBC}") = "Tienda-Online", "Tienda-Online.csproj", "{A7D24417-C45E-45B5-A256-B995982D4420}"
EndProject
Global
	GlobalSection(SolutionConfigurationPlatforms) = preSolution
		Debug|Any CPU = Debug|Any CPU
		Release|Any CPU = Release|Any CPU
	EndGlobalSection
	GlobalSection(ProjectConfigurationPlatforms) = postSolution
		{A7D24417-C45E-45B5-A256-B995982D4420}.Debug|Any CPU.ActiveCfg = Debug|Any CPU
		{A7D24417-C45E-45B5-A256-B995982D4420}.Debug|Any CPU.Build.0 = Debug|Any CPU
		{A7D24417-C45E-45B5-A256-B995982D4420}.Release|Any CPU.ActiveCfg = Release|Any CPU
		{A7D24417-C45E-45B5-A256-B995982D4420}.Release|Any CPU.Build.0 = Release|Any CPU
	EndGlobalSection
	GlobalSection(SolutionProperties) = preSolution
		HideSolutionNode = FALSE
	EndGlobalSection
	GlobalSection(ExtensibilityGlobals) = postSolution
		SolutionGuid = {7B1D6FAF-5F3F-4642-8387-A81AD55F042A}
	EndGlobalSection
EndGlobal
